{
  "dependencies": {
    "html-docx-js": {
      "version": "0.2.2",
      "dependencies": {
        "jszip": {
          "version": "2.5.0",
          "dependencies": {
            "pako": {
              "version": "0.2.7"
            }
          }
        },
        "lodash.escape": {
          "version": "3.0.0",
          "dependencies": {
            "lodash._basetostring": {
              "version": "3.0.1"
            }
          }
        },
        "lodash.merge": {
          "version": "3.3.2",
          "dependencies": {
            "lodash._arraycopy": {
              "version": "3.0.0"
            },
            "lodash._arrayeach": {
              "version": "3.0.0"
            },
            "lodash._createassigner": {
              "version": "3.1.1",
              "dependencies": {
                "lodash._bindcallback": {
                  "version": "3.0.1"
                },
                "lodash._isiterateecall": {
                  "version": "3.0.9"
                },
                "lodash.restparam": {
                  "version": "3.6.1"
                }
              }
            },
            "lodash._getnative": {
              "version": "3.9.1"
            },
            "lodash.isarguments": {
              "version": "3.0.4"
            },
            "lodash.isarray": {
              "version": "3.0.4"
            },
            "lodash.isplainobject": {
              "version": "3.2.0",
              "dependencies": {
                "lodash._basefor": {
                  "version": "3.0.2"
                }
              }
            },
            "lodash.istypedarray": {
              "version": "3.0.2"
            },
            "lodash.keys": {
              "version": "3.1.2"
            },
            "lodash.keysin": {
              "version": "3.0.8"
            },
            "lodash.toplainobject": {
              "version": "3.0.0",
              "dependencies": {
                "lodash._basecopy": {
                  "version": "3.0.1"
                }
              }
            }
          }
        }
      }
    },
    "vkapi": {
      "version": "1.0.0"
    }
  }
}
